
Microsoft Visual Studio Solution File, Format Version 12.00
# Visual Studio Version 16
VisualStudioVersion = 16.0.31729.503
MinimumVisualStudioVersion = 10.0.40219.1
Project("{FAE04EC0-301F-11D3-BF4B-00C04F79EFBC}") = "ZapMobileApi", "ZapMobileApi.csproj", "{43AC37BE-A272-4DD6-91BC-496BF2978DB5}"
EndProject
Global
	GlobalSection(SolutionConfigurationPlatforms) = preSolution
		Debug|Any CPU = Debug|Any CPU
		Release|Any CPU = Release|Any CPU
	EndGlobalSection
	GlobalSection(ProjectConfigurationPlatforms) = postSolution
		{43AC37BE-A272-4DD6-91BC-496BF2978DB5}.Debug|Any CPU.ActiveCfg = Debug|Any CPU
		{43AC37BE-A272-4DD6-91BC-496BF2978DB5}.Debug|Any CPU.Build.0 = Debug|Any CPU
		{43AC37BE-A272-4DD6-91BC-496BF2978DB5}.Release|Any CPU.ActiveCfg = Release|Any CPU
		{43AC37BE-A272-4DD6-91BC-496BF2978DB5}.Release|Any CPU.Build.0 = Release|Any CPU
	EndGlobalSection
	GlobalSection(SolutionProperties) = preSolution
		HideSolutionNode = FALSE
	EndGlobalSection
	GlobalSection(ExtensibilityGlobals) = postSolution
		SolutionGuid = {D1398B8D-070B-49AD-BD8B-FB5183B13D4E}
	EndGlobalSection
EndGlobal
